// !$*UTF8*$!
{
	archiveVersion = 1;
	classes = {
	};
	objectVersion = 56;
	objects = {

/* Begin PBXBuildFile section */
		096A6B8E2C32C36F0066100D /* RMOrigin.swift in Sources */ = {isa = PBXBuildFile; fileRef = 096A6B8D2C32C36F0066100D /* RMOrigin.swift */; };
		096A6B902C32C4440066100D /* RMSingleLocation.swift in Sources */ = {isa = PBXBuildFile; fileRef = 096A6B8F2C32C4440066100D /* RMSingleLocation.swift */; };
		096A6B922C32C6AC0066100D /* RMCharacterStatus.swift in Sources */ = {isa = PBXBuildFile; fileRef = 096A6B912C32C6AC0066100D /* RMCharacterStatus.swift */; };
		096A6B942C32C71A0066100D /* RMCharacterGender.swift in Sources */ = {isa = PBXBuildFile; fileRef = 096A6B932C32C71A0066100D /* RMCharacterGender.swift */; };
		096A6B982C350E870066100D /* RMGetAllCharactersResponse.swift in Sources */ = {isa = PBXBuildFile; fileRef = 096A6B972C350E870066100D /* RMGetAllCharactersResponse.swift */; };
		096A6B9A2C351ABB0066100D /* RMCharacterListViewViewModel.swift in Sources */ = {isa = PBXBuildFile; fileRef = 096A6B992C351ABB0066100D /* RMCharacterListViewViewModel.swift */; };
		096A6B9C2C351BC10066100D /* RMCharacterListView.swift in Sources */ = {isa = PBXBuildFile; fileRef = 096A6B9B2C351BC10066100D /* RMCharacterListView.swift */; };
		096A6BA02C3573270066100D /* Extensions.swift in Sources */ = {isa = PBXBuildFile; fileRef = 096A6B9F2C3573270066100D /* Extensions.swift */; };
		096A6BA22C3580EA0066100D /* RMCharacterCollectionViewCell.swift in Sources */ = {isa = PBXBuildFile; fileRef = 096A6BA12C3580EA0066100D /* RMCharacterCollectionViewCell.swift */; };
		096A6BA42C3583D20066100D /* RMCharacterCollectionViewCellViewModel.swift in Sources */ = {isa = PBXBuildFile; fileRef = 096A6BA32C3583D20066100D /* RMCharacterCollectionViewCellViewModel.swift */; };
		096A6BA72C36E45B0066100D /* RMCharacterDetailViewController.swift in Sources */ = {isa = PBXBuildFile; fileRef = 096A6BA62C36E45B0066100D /* RMCharacterDetailViewController.swift */; };
		096A6BA92C36E5E50066100D /* RMCharacterDetailView.swift in Sources */ = {isa = PBXBuildFile; fileRef = 096A6BA82C36E5E50066100D /* RMCharacterDetailView.swift */; };
		096A6BAB2C36E6280066100D /* RMCharacterDetailViewViewModel.swift in Sources */ = {isa = PBXBuildFile; fileRef = 096A6BAA2C36E6280066100D /* RMCharacterDetailViewViewModel.swift */; };
		09C0B1612C31867D00186CEC /* AppDelegate.swift in Sources */ = {isa = PBXBuildFile; fileRef = 09C0B1602C31867D00186CEC /* AppDelegate.swift */; };
		09C0B1632C31867D00186CEC /* SceneDelegate.swift in Sources */ = {isa = PBXBuildFile; fileRef = 09C0B1622C31867D00186CEC /* SceneDelegate.swift */; };
		09C0B1652C31867D00186CEC /* RMTabViewController.swift in Sources */ = {isa = PBXBuildFile; fileRef = 09C0B1642C31867D00186CEC /* RMTabViewController.swift */; };
		09C0B16A2C31867F00186CEC /* Assets.xcassets in Resources */ = {isa = PBXBuildFile; fileRef = 09C0B1692C31867F00186CEC /* Assets.xcassets */; };
		09C0B16D2C31867F00186CEC /* Base in Resources */ = {isa = PBXBuildFile; fileRef = 09C0B16C2C31867F00186CEC /* Base */; };
		09C0B17C2C318E9200186CEC /* RMLocation.swift in Sources */ = {isa = PBXBuildFile; fileRef = 09C0B17B2C318E9200186CEC /* RMLocation.swift */; };
		09C0B17E2C318EA600186CEC /* RMCharacter.swift in Sources */ = {isa = PBXBuildFile; fileRef = 09C0B17D2C318EA600186CEC /* RMCharacter.swift */; };
		09C0B1802C318EBA00186CEC /* RMEpisode.swift in Sources */ = {isa = PBXBuildFile; fileRef = 09C0B17F2C318EBA00186CEC /* RMEpisode.swift */; };
		09C0B1832C3191B800186CEC /* RMCharacterViewController.swift in Sources */ = {isa = PBXBuildFile; fileRef = 09C0B1822C3191B800186CEC /* RMCharacterViewController.swift */; };
		09C0B1852C3191D500186CEC /* RMLocationrViewController.swift in Sources */ = {isa = PBXBuildFile; fileRef = 09C0B1842C3191D500186CEC /* RMLocationrViewController.swift */; };
		09C0B1872C3191E800186CEC /* RMEpisodeViewController.swift in Sources */ = {isa = PBXBuildFile; fileRef = 09C0B1862C3191E800186CEC /* RMEpisodeViewController.swift */; };
		09C0B1892C31921100186CEC /* RMSettingsViewController.swift in Sources */ = {isa = PBXBuildFile; fileRef = 09C0B1882C31921100186CEC /* RMSettingsViewController.swift */; };
		09C0B18B2C32559F00186CEC /* RMServie.swift in Sources */ = {isa = PBXBuildFile; fileRef = 09C0B18A2C32559F00186CEC /* RMServie.swift */; };
		09C0B18D2C32705300186CEC /* RMRequest.swift in Sources */ = {isa = PBXBuildFile; fileRef = 09C0B18C2C32705300186CEC /* RMRequest.swift */; };
		09C0B18F2C3271BA00186CEC /* RMEndpoint.swift in Sources */ = {isa = PBXBuildFile; fileRef = 09C0B18E2C3271BA00186CEC /* RMEndpoint.swift */; };
/* End PBXBuildFile section */

/* Begin PBXFileReference section */
		096A6B8D2C32C36F0066100D /* RMOrigin.swift */ = {isa = PBXFileReference; lastKnownFileType = sourcecode.swift; path = RMOrigin.swift; sourceTree = "<group>"; };
		096A6B8F2C32C4440066100D /* RMSingleLocation.swift */ = {isa = PBXFileReference; lastKnownFileType = sourcecode.swift; path = RMSingleLocation.swift; sourceTree = "<group>"; };
		096A6B912C32C6AC0066100D /* RMCharacterStatus.swift */ = {isa = PBXFileReference; lastKnownFileType = sourcecode.swift; path = RMCharacterStatus.swift; sourceTree = "<group>"; };
		096A6B932C32C71A0066100D /* RMCharacterGender.swift */ = {isa = PBXFileReference; lastKnownFileType = sourcecode.swift; path = RMCharacterGender.swift; sourceTree = "<group>"; };
		096A6B972C350E870066100D /* RMGetAllCharactersResponse.swift */ = {isa = PBXFileReference; lastKnownFileType = sourcecode.swift; path = RMGetAllCharactersResponse.swift; sourceTree = "<group>"; };
		096A6B992C351ABB0066100D /* RMCharacterListViewViewModel.swift */ = {isa = PBXFileReference; lastKnownFileType = sourcecode.swift; path = RMCharacterListViewViewModel.swift; sourceTree = "<group>"; };
		096A6B9B2C351BC10066100D /* RMCharacterListView.swift */ = {isa = PBXFileReference; lastKnownFileType = sourcecode.swift; path = RMCharacterListView.swift; sourceTree = "<group>"; };
		096A6B9F2C3573270066100D /* Extensions.swift */ = {isa = PBXFileReference; lastKnownFileType = sourcecode.swift; path = Extensions.swift; sourceTree = "<group>"; };
		096A6BA12C3580EA0066100D /* RMCharacterCollectionViewCell.swift */ = {isa = PBXFileReference; lastKnownFileType = sourcecode.swift; path = RMCharacterCollectionViewCell.swift; sourceTree = "<group>"; };
		096A6BA32C3583D20066100D /* RMCharacterCollectionViewCellViewModel.swift */ = {isa = PBXFileReference; lastKnownFileType = sourcecode.swift; path = RMCharacterCollectionViewCellViewModel.swift; sourceTree = "<group>"; };
		096A6BA62C36E45B0066100D /* RMCharacterDetailViewController.swift */ = {isa = PBXFileReference; lastKnownFileType = sourcecode.swift; path = RMCharacterDetailViewController.swift; sourceTree = "<group>"; };
		096A6BA82C36E5E50066100D /* RMCharacterDetailView.swift */ = {isa = PBXFileReference; lastKnownFileType = sourcecode.swift; path = RMCharacterDetailView.swift; sourceTree = "<group>"; };
		096A6BAA2C36E6280066100D /* RMCharacterDetailViewViewModel.swift */ = {isa = PBXFileReference; lastKnownFileType = sourcecode.swift; path = RMCharacterDetailViewViewModel.swift; sourceTree = "<group>"; };
		09C0B15D2C31867D00186CEC /* RickAndMorty.app */ = {isa = PBXFileReference; explicitFileType = wrapper.application; includeInIndex = 0; path = RickAndMorty.app; sourceTree = BUILT_PRODUCTS_DIR; };
		09C0B1602C31867D00186CEC /* AppDelegate.swift */ = {isa = PBXFileReference; lastKnownFileType = sourcecode.swift; path = AppDelegate.swift; sourceTree = "<group>"; };
		09C0B1622C31867D00186CEC /* SceneDelegate.swift */ = {isa = PBXFileReference; lastKnownFileType = sourcecode.swift; path = SceneDelegate.swift; sourceTree = "<group>"; };
		09C0B1642C31867D00186CEC /* RMTabViewController.swift */ = {isa = PBXFileReference; lastKnownFileType = sourcecode.swift; path = RMTabViewController.swift; sourceTree = "<group>"; };
		09C0B1692C31867F00186CEC /* Assets.xcassets */ = {isa = PBXFileReference; lastKnownFileType = folder.assetcatalog; path = Assets.xcassets; sourceTree = "<group>"; };
		09C0B16C2C31867F00186CEC /* Base */ = {isa = PBXFileReference; lastKnownFileType = file.storyboard; name = Base; path = Base.lproj/LaunchScreen.storyboard; sourceTree = "<group>"; };
		09C0B16E2C31867F00186CEC /* Info.plist */ = {isa = PBXFileReference; lastKnownFileType = text.plist.xml; path = Info.plist; sourceTree = "<group>"; };
		09C0B17B2C318E9200186CEC /* RMLocation.swift */ = {isa = PBXFileReference; lastKnownFileType = sourcecode.swift; path = RMLocation.swift; sourceTree = "<group>"; };
		09C0B17D2C318EA600186CEC /* RMCharacter.swift */ = {isa = PBXFileReference; lastKnownFileType = sourcecode.swift; path = RMCharacter.swift; sourceTree = "<group>"; };
		09C0B17F2C318EBA00186CEC /* RMEpisode.swift */ = {isa = PBXFileReference; lastKnownFileType = sourcecode.swift; path = RMEpisode.swift; sourceTree = "<group>"; };
		09C0B1822C3191B800186CEC /* RMCharacterViewController.swift */ = {isa = PBXFileReference; lastKnownFileType = sourcecode.swift; path = RMCharacterViewController.swift; sourceTree = "<group>"; };
		09C0B1842C3191D500186CEC /* RMLocationrViewController.swift */ = {isa = PBXFileReference; lastKnownFileType = sourcecode.swift; path = RMLocationrViewController.swift; sourceTree = "<group>"; };
		09C0B1862C3191E800186CEC /* RMEpisodeViewController.swift */ = {isa = PBXFileReference; lastKnownFileType = sourcecode.swift; path = RMEpisodeViewController.swift; sourceTree = "<group>"; };
		09C0B1882C31921100186CEC /* RMSettingsViewController.swift */ = {isa = PBXFileReference; lastKnownFileType = sourcecode.swift; path = RMSettingsViewController.swift; sourceTree = "<group>"; };
		09C0B18A2C32559F00186CEC /* RMServie.swift */ = {isa = PBXFileReference; lastKnownFileType = sourcecode.swift; path = RMServie.swift; sourceTree = "<group>"; };
		09C0B18C2C32705300186CEC /* RMRequest.swift */ = {isa = PBXFileReference; lastKnownFileType = sourcecode.swift; path = RMRequest.swift; sourceTree = "<group>"; };
		09C0B18E2C3271BA00186CEC /* RMEndpoint.swift */ = {isa = PBXFileReference; lastKnownFileType = sourcecode.swift; path = RMEndpoint.swift; sourceTree = "<group>"; };
/* End PBXFileReference section */

/* Begin PBXFrameworksBuildPhase section */
		09C0B15A2C31867D00186CEC /* Frameworks */ = {
			isa = PBXFrameworksBuildPhase;
			buildActionMask = 2147483647;
			files = (
			);
			runOnlyForDeploymentPostprocessing = 0;
		};
/* End PBXFrameworksBuildPhase section */

/* Begin PBXGroup section */
		096A6B952C342B7B0066100D /* DataTypes */ = {
			isa = PBXGroup;
			children = (
				09C0B17B2C318E9200186CEC /* RMLocation.swift */,
				09C0B17D2C318EA600186CEC /* RMCharacter.swift */,
				09C0B17F2C318EBA00186CEC /* RMEpisode.swift */,
				096A6B8D2C32C36F0066100D /* RMOrigin.swift */,
				096A6B8F2C32C4440066100D /* RMSingleLocation.swift */,
				096A6B912C32C6AC0066100D /* RMCharacterStatus.swift */,
				096A6B932C32C71A0066100D /* RMCharacterGender.swift */,
			);
			path = DataTypes;
			sourceTree = "<group>";
		};
		096A6B962C342D2A0066100D /* APIresponseTypes */ = {
			isa = PBXGroup;
			children = (
				096A6B972C350E870066100D /* RMGetAllCharactersResponse.swift */,
			);
			path = APIresponseTypes;
			sourceTree = "<group>";
		};
		096A6BA52C36E4060066100D /* Other */ = {
			isa = PBXGroup;
			children = (
				096A6BA62C36E45B0066100D /* RMCharacterDetailViewController.swift */,
			);
			path = Other;
			sourceTree = "<group>";
		};
		09C0B1542C31867D00186CEC = {
			isa = PBXGroup;
			children = (
				09C0B15F2C31867D00186CEC /* RickAndMorty */,
				09C0B15E2C31867D00186CEC /* Products */,
			);
			sourceTree = "<group>";
		};
		09C0B15E2C31867D00186CEC /* Products */ = {
			isa = PBXGroup;
			children = (
				09C0B15D2C31867D00186CEC /* RickAndMorty.app */,
			);
			name = Products;
			sourceTree = "<group>";
		};
		09C0B15F2C31867D00186CEC /* RickAndMorty */ = {
			isa = PBXGroup;
			children = (
				09C0B17A2C318D1100186CEC /* Resources */,
				09C0B1792C318D0700186CEC /* Managers */,
				09C0B1782C318CF600186CEC /* APIClinet */,
				09C0B1772C318C9100186CEC /* ViewModels */,
				09C0B1762C318C8B00186CEC /* Views */,
				09C0B1752C318C8400186CEC /* Models */,
				09C0B1742C318C7A00186CEC /* Controllers */,
				09C0B16E2C31867F00186CEC /* Info.plist */,
			);
			path = RickAndMorty;
			sourceTree = "<group>";
		};
		09C0B1742C318C7A00186CEC /* Controllers */ = {
			isa = PBXGroup;
			children = (
				096A6BA52C36E4060066100D /* Other */,
				09C0B1812C318FA100186CEC /* Core */,
			);
			path = Controllers;
			sourceTree = "<group>";
		};
		09C0B1752C318C8400186CEC /* Models */ = {
			isa = PBXGroup;
			children = (
				096A6B962C342D2A0066100D /* APIresponseTypes */,
				096A6B952C342B7B0066100D /* DataTypes */,
			);
			path = Models;
			sourceTree = "<group>";
		};
		09C0B1762C318C8B00186CEC /* Views */ = {
			isa = PBXGroup;
			children = (
				096A6B9B2C351BC10066100D /* RMCharacterListView.swift */,
				096A6BA12C3580EA0066100D /* RMCharacterCollectionViewCell.swift */,
				096A6BA82C36E5E50066100D /* RMCharacterDetailView.swift */,
			);
			path = Views;
			sourceTree = "<group>";
		};
		09C0B1772C318C9100186CEC /* ViewModels */ = {
			isa = PBXGroup;
			children = (
				096A6B992C351ABB0066100D /* RMCharacterListViewViewModel.swift */,
				096A6BA32C3583D20066100D /* RMCharacterCollectionViewCellViewModel.swift */,
				096A6BAA2C36E6280066100D /* RMCharacterDetailViewViewModel.swift */,
			);
			path = ViewModels;
			sourceTree = "<group>";
		};
		09C0B1782C318CF600186CEC /* APIClinet */ = {
			isa = PBXGroup;
			children = (
				09C0B18A2C32559F00186CEC /* RMServie.swift */,
				09C0B18C2C32705300186CEC /* RMRequest.swift */,
				09C0B18E2C3271BA00186CEC /* RMEndpoint.swift */,
			);
			path = APIClinet;
			sourceTree = "<group>";
		};
		09C0B1792C318D0700186CEC /* Managers */ = {
			isa = PBXGroup;
			children = (
			);
			path = Managers;
			sourceTree = "<group>";
		};
		09C0B17A2C318D1100186CEC /* Resources */ = {
			isa = PBXGroup;
			children = (
				09C0B1602C31867D00186CEC /* AppDelegate.swift */,
				09C0B1622C31867D00186CEC /* SceneDelegate.swift */,
				09C0B1692C31867F00186CEC /* Assets.xcassets */,
				09C0B16B2C31867F00186CEC /* LaunchScreen.storyboard */,
				096A6B9F2C3573270066100D /* Extensions.swift */,
			);
			path = Resources;
			sourceTree = "<group>";
		};
		09C0B1812C318FA100186CEC /* Core */ = {
			isa = PBXGroup;
			children = (
				09C0B1642C31867D00186CEC /* RMTabViewController.swift */,
				09C0B1822C3191B800186CEC /* RMCharacterViewController.swift */,
				09C0B1842C3191D500186CEC /* RMLocationrViewController.swift */,
				09C0B1862C3191E800186CEC /* RMEpisodeViewController.swift */,
				09C0B1882C31921100186CEC /* RMSettingsViewController.swift */,
			);
			path = Core;
			sourceTree = "<group>";
		};
/* End PBXGroup section */

/* Begin PBXNativeTarget section */
		09C0B15C2C31867D00186CEC /* RickAndMorty */ = {
			isa = PBXNativeTarget;
			buildConfigurationList = 09C0B1712C31867F00186CEC /* Build configuration list for PBXNativeTarget "RickAndMorty" */;
			buildPhases = (
				09C0B1592C31867D00186CEC /* Sources */,
				09C0B15A2C31867D00186CEC /* Frameworks */,
				09C0B15B2C31867D00186CEC /* Resources */,
			);
			buildRules = (
			);
			dependencies = (
			);
			name = RickAndMorty;
			productName = RickAndMorty;
			productReference = 09C0B15D2C31867D00186CEC /* RickAndMorty.app */;
			productType = "com.apple.product-type.application";
		};
/* End PBXNativeTarget section */

/* Begin PBXProject section */
		09C0B1552C31867D00186CEC /* Project object */ = {
			isa = PBXProject;
			attributes = {
				BuildIndependentTargetsInParallel = 1;
				LastSwiftUpdateCheck = 1540;
				LastUpgradeCheck = 1540;
				TargetAttributes = {
					09C0B15C2C31867D00186CEC = {
						CreatedOnToolsVersion = 15.4;
					};
				};
			};
			buildConfigurationList = 09C0B1582C31867D00186CEC /* Build configuration list for PBXProject "RickAndMorty" */;
			compatibilityVersion = "Xcode 14.0";
			developmentRegion = en;
			hasScannedForEncodings = 0;
			knownRegions = (
				en,
				Base,
			);
			mainGroup = 09C0B1542C31867D00186CEC;
			productRefGroup = 09C0B15E2C31867D00186CEC /* Products */;
			projectDirPath = "";
			projectRoot = "";
			targets = (
				09C0B15C2C31867D00186CEC /* RickAndMorty */,
			);
		};
/* End PBXProject section */

/* Begin PBXResourcesBuildPhase section */
		09C0B15B2C31867D00186CEC /* Resources */ = {
			isa = PBXResourcesBuildPhase;
			buildActionMask = 2147483647;
			files = (
				09C0B16A2C31867F00186CEC /* Assets.xcassets in Resources */,
				09C0B16D2C31867F00186CEC /* Base in Resources */,
			);
			runOnlyForDeploymentPostprocessing = 0;
		};
/* End PBXResourcesBuildPhase section */

/* Begin PBXSourcesBuildPhase section */
		09C0B1592C31867D00186CEC /* Sources */ = {
			isa = PBXSourcesBuildPhase;
			buildActionMask = 2147483647;
			files = (
				096A6B8E2C32C36F0066100D /* RMOrigin.swift in Sources */,
				096A6BAB2C36E6280066100D /* RMCharacterDetailViewViewModel.swift in Sources */,
				096A6B902C32C4440066100D /* RMSingleLocation.swift in Sources */,
				096A6B9C2C351BC10066100D /* RMCharacterListView.swift in Sources */,
				096A6B982C350E870066100D /* RMGetAllCharactersResponse.swift in Sources */,
				096A6B922C32C6AC0066100D /* RMCharacterStatus.swift in Sources */,
				096A6B942C32C71A0066100D /* RMCharacterGender.swift in Sources */,
				096A6BA72C36E45B0066100D /* RMCharacterDetailViewController.swift in Sources */,
				09C0B1802C318EBA00186CEC /* RMEpisode.swift in Sources */,
				09C0B1652C31867D00186CEC /* RMTabViewController.swift in Sources */,
				09C0B18B2C32559F00186CEC /* RMServie.swift in Sources */,
				096A6BA22C3580EA0066100D /* RMCharacterCollectionViewCell.swift in Sources */,
				09C0B1612C31867D00186CEC /* AppDelegate.swift in Sources */,
				09C0B1872C3191E800186CEC /* RMEpisodeViewController.swift in Sources */,
				09C0B1852C3191D500186CEC /* RMLocationrViewController.swift in Sources */,
				09C0B1632C31867D00186CEC /* SceneDelegate.swift in Sources */,
				096A6BA02C3573270066100D /* Extensions.swift in Sources */,
				09C0B1892C31921100186CEC /* RMSettingsViewController.swift in Sources */,
				09C0B17C2C318E9200186CEC /* RMLocation.swift in Sources */,
				09C0B18F2C3271BA00186CEC /* RMEndpoint.swift in Sources */,
				09C0B17E2C318EA600186CEC /* RMCharacter.swift in Sources */,
				096A6BA42C3583D20066100D /* RMCharacterCollectionViewCellViewModel.swift in Sources */,
				09C0B18D2C32705300186CEC /* RMRequest.swift in Sources */,
				096A6B9A2C351ABB0066100D /* RMCharacterListViewViewModel.swift in Sources */,
				09C0B1832C3191B800186CEC /* RMCharacterViewController.swift in Sources */,
				096A6BA92C36E5E50066100D /* RMCharacterDetailView.swift in Sources */,
			);
			runOnlyForDeploymentPostprocessing = 0;
		};
/* End PBXSourcesBuildPhase section */

/* Begin PBXVariantGroup section */
		09C0B16B2C31867F00186CEC /* LaunchScreen.storyboard */ = {
			isa = PBXVariantGroup;
			children = (
				09C0B16C2C31867F00186CEC /* Base */,
			);
			name = LaunchScreen.storyboard;
			sourceTree = "<group>";
		};
/* End PBXVariantGroup section */

/* Begin XCBuildConfiguration section */
		09C0B16F2C31867F00186CEC /* Debug */ = {
			isa = XCBuildConfiguration;
			buildSettings = {
				ALWAYS_SEARCH_USER_PATHS = NO;
				ASSETCATALOG_COMPILER_GENERATE_SWIFT_ASSET_SYMBOL_EXTENSIONS = YES;
				CLANG_ANALYZER_NONNULL = YES;
				CLANG_ANALYZER_NUMBER_OBJECT_CONVERSION = YES_AGGRESSIVE;
				CLANG_CXX_LANGUAGE_STANDARD = "gnu++20";
				CLANG_ENABLE_MODULES = YES;
				CLANG_ENABLE_OBJC_ARC = YES;
				CLANG_ENABLE_OBJC_WEAK = YES;
				CLANG_WARN_BLOCK_CAPTURE_AUTORELEASING = YES;
				CLANG_WARN_BOOL_CONVERSION = YES;
				CLANG_WARN_COMMA = YES;
				CLANG_WARN_CONSTANT_CONVERSION = YES;
				CLANG_WARN_DEPRECATED_OBJC_IMPLEMENTATIONS = YES;
				CLANG_WARN_DIRECT_OBJC_ISA_USAGE = YES_ERROR;
				CLANG_WARN_DOCUMENTATION_COMMENTS = YES;
				CLANG_WARN_EMPTY_BODY = YES;
				CLANG_WARN_ENUM_CONVERSION = YES;
				CLANG_WARN_INFINITE_RECURSION = YES;
				CLANG_WARN_INT_CONVERSION = YES;
				CLANG_WARN_NON_LITERAL_NULL_CONVERSION = YES;
				CLANG_WARN_OBJC_IMPLICIT_RETAIN_SELF = YES;
				CLANG_WARN_OBJC_LITERAL_CONVERSION = YES;
				CLANG_WARN_OBJC_ROOT_CLASS = YES_ERROR;
				CLANG_WARN_QUOTED_INCLUDE_IN_FRAMEWORK_HEADER = YES;
				CLANG_WARN_RANGE_LOOP_ANALYSIS = YES;
				CLANG_WARN_STRICT_PROTOTYPES = YES;
				CLANG_WARN_SUSPICIOUS_MOVE = YES;
				CLANG_WARN_UNGUARDED_AVAILABILITY = YES_AGGRESSIVE;
				CLANG_WARN_UNREACHABLE_CODE = YES;
				CLANG_WARN__DUPLICATE_METHOD_MATCH = YES;
				COPY_PHASE_STRIP = NO;
				DEBUG_INFORMATION_FORMAT = dwarf;
				ENABLE_STRICT_OBJC_MSGSEND = YES;
				ENABLE_TESTABILITY = YES;
				ENABLE_USER_SCRIPT_SANDBOXING = YES;
				GCC_C_LANGUAGE_STANDARD = gnu17;
				GCC_DYNAMIC_NO_PIC = NO;
				GCC_NO_COMMON_BLOCKS = YES;
				GCC_OPTIMIZATION_LEVEL = 0;
				GCC_PREPROCESSOR_DEFINITIONS = (
					"DEBUG=1",
					"$(inherited)",
				);
				GCC_WARN_64_TO_32_BIT_CONVERSION = YES;
				GCC_WARN_ABOUT_RETURN_TYPE = YES_ERROR;
				GCC_WARN_UNDECLARED_SELECTOR = YES;
				GCC_WARN_UNINITIALIZED_AUTOS = YES_AGGRESSIVE;
				GCC_WARN_UNUSED_FUNCTION = YES;
				GCC_WARN_UNUSED_VARIABLE = YES;
				IPHONEOS_DEPLOYMENT_TARGET = 17.5;
				LOCALIZATION_PREFERS_STRING_CATALOGS = YES;
				MTL_ENABLE_DEBUG_INFO = INCLUDE_SOURCE;
				MTL_FAST_MATH = YES;
				ONLY_ACTIVE_ARCH = YES;
				SDKROOT = iphoneos;
				SWIFT_ACTIVE_COMPILATION_CONDITIONS = "DEBUG $(inherited)";
				SWIFT_OPTIMIZATION_LEVEL = "-Onone";
			};
			name = Debug;
		};
		09C0B1702C31867F00186CEC /* Release */ = {
			isa = XCBuildConfiguration;
			buildSettings = {
				ALWAYS_SEARCH_USER_PATHS = NO;
				ASSETCATALOG_COMPILER_GENERATE_SWIFT_ASSET_SYMBOL_EXTENSIONS = YES;
				CLANG_ANALYZER_NONNULL = YES;
				CLANG_ANALYZER_NUMBER_OBJECT_CONVERSION = YES_AGGRESSIVE;
				CLANG_CXX_LANGUAGE_STANDARD = "gnu++20";
				CLANG_ENABLE_MODULES = YES;
				CLANG_ENABLE_OBJC_ARC = YES;
				CLANG_ENABLE_OBJC_WEAK = YES;
				CLANG_WARN_BLOCK_CAPTURE_AUTORELEASING = YES;
				CLANG_WARN_BOOL_CONVERSION = YES;
				CLANG_WARN_COMMA = YES;
				CLANG_WARN_CONSTANT_CONVERSION = YES;
				CLANG_WARN_DEPRECATED_OBJC_IMPLEMENTATIONS = YES;
				CLANG_WARN_DIRECT_OBJC_ISA_USAGE = YES_ERROR;
				CLANG_WARN_DOCUMENTATION_COMMENTS = YES;
				CLANG_WARN_EMPTY_BODY = YES;
				CLANG_WARN_ENUM_CONVERSION = YES;
				CLANG_WARN_INFINITE_RECURSION = YES;
				CLANG_WARN_INT_CONVERSION = YES;
				CLANG_WARN_NON_LITERAL_NULL_CONVERSION = YES;
				CLANG_WARN_OBJC_IMPLICIT_RETAIN_SELF = YES;
				CLANG_WARN_OBJC_LITERAL_CONVERSION = YES;
				CLANG_WARN_OBJC_ROOT_CLASS = YES_ERROR;
				CLANG_WARN_QUOTED_INCLUDE_IN_FRAMEWORK_HEADER = YES;
				CLANG_WARN_RANGE_LOOP_ANALYSIS = YES;
				CLANG_WARN_STRICT_PROTOTYPES = YES;
				CLANG_WARN_SUSPICIOUS_MOVE = YES;
				CLANG_WARN_UNGUARDED_AVAILABILITY = YES_AGGRESSIVE;
				CLANG_WARN_UNREACHABLE_CODE = YES;
				CLANG_WARN__DUPLICATE_METHOD_MATCH = YES;
				COPY_PHASE_STRIP = NO;
				DEBUG_INFORMATION_FORMAT = "dwarf-with-dsym";
				ENABLE_NS_ASSERTIONS = NO;
				ENABLE_STRICT_OBJC_MSGSEND = YES;
				ENABLE_USER_SCRIPT_SANDBOXING = YES;
				GCC_C_LANGUAGE_STANDARD = gnu17;
				GCC_NO_COMMON_BLOCKS = YES;
				GCC_WARN_64_TO_32_BIT_CONVERSION = YES;
				GCC_WARN_ABOUT_RETURN_TYPE = YES_ERROR;
				GCC_WARN_UNDECLARED_SELECTOR = YES;
				GCC_WARN_UNINITIALIZED_AUTOS = YES_AGGRESSIVE;
				GCC_WARN_UNUSED_FUNCTION = YES;
				GCC_WARN_UNUSED_VARIABLE = YES;
				IPHONEOS_DEPLOYMENT_TARGET = 17.5;
				LOCALIZATION_PREFERS_STRING_CATALOGS = YES;
				MTL_ENABLE_DEBUG_INFO = NO;
				MTL_FAST_MATH = YES;
				SDKROOT = iphoneos;
				SWIFT_COMPILATION_MODE = wholemodule;
				VALIDATE_PRODUCT = YES;
			};
			name = Release;
		};
		09C0B1722C31867F00186CEC /* Debug */ = {
			isa = XCBuildConfiguration;
			buildSettings = {
				ASSETCATALOG_COMPILER_APPICON_NAME = AppIcon;
				ASSETCATALOG_COMPILER_GLOBAL_ACCENT_COLOR_NAME = AccentColor;
				CODE_SIGN_STYLE = Automatic;
				CURRENT_PROJECT_VERSION = 1;
				DEVELOPMENT_TEAM = 6RF5D72QWG;
				GENERATE_INFOPLIST_FILE = YES;
				INFOPLIST_FILE = RickAndMorty/Info.plist;
				INFOPLIST_KEY_UIApplicationSupportsIndirectInputEvents = YES;
				INFOPLIST_KEY_UILaunchStoryboardName = LaunchScreen;
				INFOPLIST_KEY_UISupportedInterfaceOrientations_iPad = "UIInterfaceOrientationPortrait UIInterfaceOrientationPortraitUpsideDown UIInterfaceOrientationLandscapeLeft UIInterfaceOrientationLandscapeRight";
				INFOPLIST_KEY_UISupportedInterfaceOrientations_iPhone = "UIInterfaceOrientationPortrait UIInterfaceOrientationLandscapeLeft UIInterfaceOrientationLandscapeRight";
				LD_RUNPATH_SEARCH_PATHS = (
					"$(inherited)",
					"@executable_path/Frameworks",
				);
				MARKETING_VERSION = 1.0;
				PRODUCT_BUNDLE_IDENTIFIER = com.huruixing.RickAndMorty;
				PRODUCT_NAME = "$(TARGET_NAME)";
				SWIFT_EMIT_LOC_STRINGS = YES;
				SWIFT_VERSION = 5.0;
				TARGETED_DEVICE_FAMILY = "1,2";
			};
			name = Debug;
		};
		09C0B1732C31867F00186CEC /* Release */ = {
			isa = XCBuildConfiguration;
			buildSettings = {
				ASSETCATALOG_COMPILER_APPICON_NAME = AppIcon;
				ASSETCATALOG_COMPILER_GLOBAL_ACCENT_COLOR_NAME = AccentColor;
				CODE_SIGN_STYLE = Automatic;
				CURRENT_PROJECT_VERSION = 1;
				DEVELOPMENT_TEAM = 6RF5D72QWG;
				GENERATE_INFOPLIST_FILE = YES;
				INFOPLIST_FILE = RickAndMorty/Info.plist;
				INFOPLIST_KEY_UIApplicationSupportsIndirectInputEvents = YES;
				INFOPLIST_KEY_UILaunchStoryboardName = LaunchScreen;
				INFOPLIST_KEY_UISupportedInterfaceOrientations_iPad = "UIInterfaceOrientationPortrait UIInterfaceOrientationPortraitUpsideDown UIInterfaceOrientationLandscapeLeft UIInterfaceOrientationLandscapeRight";
				INFOPLIST_KEY_UISupportedInterfaceOrientations_iPhone = "UIInterfaceOrientationPortrait UIInterfaceOrientationLandscapeLeft UIInterfaceOrientationLandscapeRight";
				LD_RUNPATH_SEARCH_PATHS = (
					"$(inherited)",
					"@executable_path/Frameworks",
				);
				MARKETING_VERSION = 1.0;
				PRODUCT_BUNDLE_IDENTIFIER = com.huruixing.RickAndMorty;
				PRODUCT_NAME = "$(TARGET_NAME)";
				SWIFT_EMIT_LOC_STRINGS = YES;
				SWIFT_VERSION = 5.0;
				TARGETED_DEVICE_FAMILY = "1,2";
			};
			name = Release;
		};
/* End XCBuildConfiguration section */

/* Begin XCConfigurationList section */
		09C0B1582C31867D00186CEC /* Build configuration list for PBXProject "RickAndMorty" */ = {
			isa = XCConfigurationList;
			buildConfigurations = (
				09C0B16F2C31867F00186CEC /* Debug */,
				09C0B1702C31867F00186CEC /* Release */,
			);
			defaultConfigurationIsVisible = 0;
			defaultConfigurationName = Release;
		};
		09C0B1712C31867F00186CEC /* Build configuration list for PBXNativeTarget "RickAndMorty" */ = {
			isa = XCConfigurationList;
			buildConfigurations = (
				09C0B1722C31867F00186CEC /* Debug */,
				09C0B1732C31867F00186CEC /* Release */,
			);
			defaultConfigurationIsVisible = 0;
			defaultConfigurationName = Release;
		};
/* End XCConfigurationList section */
	};
	rootObject = 09C0B1552C31867D00186CEC /* Project object */;
}
